
Microsoft Visual Studio Solution File, Format Version 11.00
# Visual Studio 2010
Project("{2150E333-8FDC-42A3-9474-1A3956D46DE8}") = "HomeTask.WebSite", "HomeTask.WebSite", "{BE46E4C0-6CA2-4063-9A2C-C523E97F5F5D}"
EndProject
Project("{2150E333-8FDC-42A3-9474-1A3956D46DE8}") = "HomeTask.Engine", "HomeTask.Engine", "{92D0793E-A47E-4663-AEBF-F8A0EA3672FA}"
EndProject
Project("{FAE04EC0-301F-11D3-BF4B-00C04F79EFBC}") = "HomeTask.Models", "HomeTask.Models\HomeTask.Models.csproj", "{21BBC4E0-25E3-4858-959A-D529D4505A7C}"
EndProject
Project("{FAE04EC0-301F-11D3-BF4B-00C04F79EFBC}") = "HomeTask.Repository", "HomeTask.Repository\HomeTask.Repository.csproj", "{0ED55BD3-CAEA-43DD-8656-CA7B36ED445E}"
EndProject
Project("{FAE04EC0-301F-11D3-BF4B-00C04F79EFBC}") = "HomeTask.Core", "HomeTask.Core\HomeTask.Core.csproj", "{A98B8531-2B35-419B-8F13-C27DA3B326D3}"
EndProject
Project("{FAE04EC0-301F-11D3-BF4B-00C04F79EFBC}") = "HomeTask.Managers", "HomeTask.Managers\HomeTask.Managers.csproj", "{34786475-0FDD-4130-A99E-A74C1C57A18A}"
EndProject
Project("{FAE04EC0-301F-11D3-BF4B-00C04F79EFBC}") = "HomeTask", "HomeTask\HomeTask.csproj", "{A9881468-2AAA-4BB2-BDD6-022099ADB9DA}"
EndProject
Global
	GlobalSection(SolutionConfigurationPlatforms) = preSolution
		Debug|Any CPU = Debug|Any CPU
		Release|Any CPU = Release|Any CPU
	EndGlobalSection
	GlobalSection(ProjectConfigurationPlatforms) = postSolution
		{21BBC4E0-25E3-4858-959A-D529D4505A7C}.Debug|Any CPU.ActiveCfg = Debug|Any CPU
		{21BBC4E0-25E3-4858-959A-D529D4505A7C}.Debug|Any CPU.Build.0 = Debug|Any CPU
		{21BBC4E0-25E3-4858-959A-D529D4505A7C}.Release|Any CPU.ActiveCfg = Release|Any CPU
		{21BBC4E0-25E3-4858-959A-D529D4505A7C}.Release|Any CPU.Build.0 = Release|Any CPU
		{0ED55BD3-CAEA-43DD-8656-CA7B36ED445E}.Debug|Any CPU.ActiveCfg = Debug|Any CPU
		{0ED55BD3-CAEA-43DD-8656-CA7B36ED445E}.Debug|Any CPU.Build.0 = Debug|Any CPU
		{0ED55BD3-CAEA-43DD-8656-CA7B36ED445E}.Release|Any CPU.ActiveCfg = Release|Any CPU
		{0ED55BD3-CAEA-43DD-8656-CA7B36ED445E}.Release|Any CPU.Build.0 = Release|Any CPU
		{A98B8531-2B35-419B-8F13-C27DA3B326D3}.Debug|Any CPU.ActiveCfg = Debug|Any CPU
		{A98B8531-2B35-419B-8F13-C27DA3B326D3}.Debug|Any CPU.Build.0 = Debug|Any CPU
		{A98B8531-2B35-419B-8F13-C27DA3B326D3}.Release|Any CPU.ActiveCfg = Release|Any CPU
		{A98B8531-2B35-419B-8F13-C27DA3B326D3}.Release|Any CPU.Build.0 = Release|Any CPU
		{34786475-0FDD-4130-A99E-A74C1C57A18A}.Debug|Any CPU.ActiveCfg = Debug|Any CPU
		{34786475-0FDD-4130-A99E-A74C1C57A18A}.Debug|Any CPU.Build.0 = Debug|Any CPU
		{34786475-0FDD-4130-A99E-A74C1C57A18A}.Release|Any CPU.ActiveCfg = Release|Any CPU
		{34786475-0FDD-4130-A99E-A74C1C57A18A}.Release|Any CPU.Build.0 = Release|Any CPU
		{A9881468-2AAA-4BB2-BDD6-022099ADB9DA}.Debug|Any CPU.ActiveCfg = Debug|Any CPU
		{A9881468-2AAA-4BB2-BDD6-022099ADB9DA}.Debug|Any CPU.Build.0 = Debug|Any CPU
		{A9881468-2AAA-4BB2-BDD6-022099ADB9DA}.Release|Any CPU.ActiveCfg = Release|Any CPU
		{A9881468-2AAA-4BB2-BDD6-022099ADB9DA}.Release|Any CPU.Build.0 = Release|Any CPU
	EndGlobalSection
	GlobalSection(SolutionProperties) = preSolution
		HideSolutionNode = FALSE
	EndGlobalSection
	GlobalSection(NestedProjects) = preSolution
		{A9881468-2AAA-4BB2-BDD6-022099ADB9DA} = {BE46E4C0-6CA2-4063-9A2C-C523E97F5F5D}
		{21BBC4E0-25E3-4858-959A-D529D4505A7C} = {92D0793E-A47E-4663-AEBF-F8A0EA3672FA}
		{0ED55BD3-CAEA-43DD-8656-CA7B36ED445E} = {92D0793E-A47E-4663-AEBF-F8A0EA3672FA}
		{A98B8531-2B35-419B-8F13-C27DA3B326D3} = {92D0793E-A47E-4663-AEBF-F8A0EA3672FA}
		{34786475-0FDD-4130-A99E-A74C1C57A18A} = {92D0793E-A47E-4663-AEBF-F8A0EA3672FA}
	EndGlobalSection
	GlobalSection(ExtensibilityGlobals) = postSolution
		EnterpriseLibraryConfigurationToolBinariesPath = packages\Unity.2.1.505.2\lib\NET35
	EndGlobalSection
EndGlobal
